
Microsoft Visual Studio Solution File, Format Version 12.00
# Visual Studio 15
VisualStudioVersion = 15.0.27428.2037
MinimumVisualStudioVersion = 10.0.40219.1
Project("{FAE04EC0-301F-11D3-BF4B-00C04F79EFBC}") = "SampleService", "SampleService\SampleService.csproj", "{7E572C67-314B-4160-B340-4122A6027655}"
EndProject
Project("{FAE04EC0-301F-11D3-BF4B-00C04F79EFBC}") = "UnitTesting", "UnitTesting\UnitTesting.csproj", "{7DCC05EE-7781-48D2-B285-2D554D759824}"
EndProject
Global
	GlobalSection(SolutionConfigurationPlatforms) = preSolution
		Debug|Any CPU = Debug|Any CPU
		Release|Any CPU = Release|Any CPU
	EndGlobalSection
	GlobalSection(ProjectConfigurationPlatforms) = postSolution
		{7E572C67-314B-4160-B340-4122A6027655}.Debug|Any CPU.ActiveCfg = Debug|Any CPU
		{7E572C67-314B-4160-B340-4122A6027655}.Debug|Any CPU.Build.0 = Debug|Any CPU
		{7E572C67-314B-4160-B340-4122A6027655}.Release|Any CPU.ActiveCfg = Release|Any CPU
		{7E572C67-314B-4160-B340-4122A6027655}.Release|Any CPU.Build.0 = Release|Any CPU
		{7DCC05EE-7781-48D2-B285-2D554D759824}.Debug|Any CPU.ActiveCfg = Debug|Any CPU
		{7DCC05EE-7781-48D2-B285-2D554D759824}.Debug|Any CPU.Build.0 = Debug|Any CPU
		{7DCC05EE-7781-48D2-B285-2D554D759824}.Release|Any CPU.ActiveCfg = Release|Any CPU
		{7DCC05EE-7781-48D2-B285-2D554D759824}.Release|Any CPU.Build.0 = Release|Any CPU
	EndGlobalSection
	GlobalSection(SolutionProperties) = preSolution
		HideSolutionNode = FALSE
	EndGlobalSection
	GlobalSection(ExtensibilityGlobals) = postSolution
		SolutionGuid = {B4E24213-FA37-44CA-8018-CD8CF6866281}
	EndGlobalSection
EndGlobal
